{
    "_meta": {
        "hash": {
            "sha256": "ce76a297cd6319b3af0f6f1a4a6656883edaf930411869d7ef80d461aa3a1d82"
        },
        "pipfile-spec": 6,
        "requires": {
            "python_version": "3.8"
        },
        "sources": [
            {
                "name": "pypi",
                "url": "https://pypi.python.org/simple",
                "verify_ssl": true
            }
        ]
    },
    "default": {
        "anyio": {
            "hashes": [
                "sha256:44a3c9aba0f5defa43261a8b3efb97891f2bd7d804e0e1f56419befa1adfc780",
                "sha256:91dee416e570e92c64041bd18b900d1d6fa78dff7048769ce5ac5ddad004fbb5"
            ],
            "markers": "python_version >= '3.7'",
            "version": "==3.7.1"
        },
        "asgiref": {
            "hashes": [
                "sha256:89b2ef2247e3b562a16eef663bc0e2e703ec6468e2fa8a5cd61cd449786d4f6e",
                "sha256:9e0ce3aa93a819ba5b45120216b23878cf6e8525eb3848653452b4192b92afed"
            ],
            "markers": "python_version >= '3.7'",
            "version": "==3.7.2"
        },
        "certifi": {
            "hashes": [
                "sha256:539cc1d13202e33ca466e88b2807e29f4c13049d6d87031a3c110744495cb082",
                "sha256:92d6037539857d8206b8f6ae472e8b77db8058fec5937a1ef3f54304089edbb9"
            ],
            "index": "pypi",
            "version": "==2023.7.22"
        },
        "click": {
            "hashes": [
                "sha256:48ee849951919527a045bfe3bf7baa8a959c423134e1a5b98c05c20ba75a1cbd",
                "sha256:fa244bb30b3b5ee2cae3da8f55c9e5e0c0e86093306301fb418eb9dc40fbded5"
            ],
            "markers": "python_version >= '3.7'",
            "version": "==8.1.6"
        },
        "exceptiongroup": {
            "hashes": [
                "sha256:12c3e887d6485d16943a309616de20ae5582633e0a2eda17f4e10fd61c1e8af5",
                "sha256:e346e69d186172ca7cf029c8c1d16235aa0e04035e5750b4b95039e65204328f"
            ],
            "markers": "python_version < '3.11'",
            "version": "==1.1.2"
        },
        "fastapi": {
            "hashes": [
                "sha256:66da43cfe5185ea1df99552acffd201f1832c6b364e0f4136c0a99f933466ced",
                "sha256:a36d5f2fad931aa3575c07a3472c784e81f3e664e3bb5c8b9c88d0ec1104f59c"
            ],
            "index": "pypi",
            "version": "==0.70.0"
        },
        "h11": {
            "hashes": [
                "sha256:36a3cb8c0a032f56e2da7084577878a035d3b61d104230d4bd49c0c6b555a9c6",
                "sha256:47222cb6067e4a307d535814917cd98fd0a57b6788ce715755fa2b6c28b56042"
            ],
            "markers": "python_version >= '3.6'",
            "version": "==0.12.0"
        },
        "httpcore": {
            "hashes": [
                "sha256:1105b8b73c025f23ff7c36468e4432226cbb959176eab66864b8e31c4ee27fa6",
                "sha256:18b68ab86a3ccf3e7dc0f43598eaddcf472b602aba29f9aa6ab85fe2ada3980b"
            ],
            "markers": "python_version >= '3.7'",
            "version": "==0.15.0"
        },
        "httptools": {
            "hashes": [
                "sha256:01b392a166adcc8bc2f526a939a8aabf89fe079243e1543fd0e7dc1b58d737cb",
                "sha256:200fc1cdf733a9ff554c0bb97a4047785cfaad9875307d6087001db3eb2b417f",
                "sha256:3ab1f390d8867f74b3b5ee2a7ecc9b8d7f53750bd45714bf1cb72a953d7dfa77",
                "sha256:78d03dd39b09c99ec917d50189e6743adbfd18c15d5944392d2eabda688bf149",
                "sha256:79dbc21f3612a78b28384e989b21872e2e3cf3968532601544696e4ed0007ce5",
                "sha256:80ffa04fe8c8dfacf6e4cef8277347d35b0442c581f5814f3b0cf41b65c43c6e",
                "sha256:813871f961edea6cb2fe312f2d9b27d12a51ba92545380126f80d0de1917ea15",
                "sha256:94505026be56652d7a530ab03d89474dc6021019d6b8682281977163b3471ea0",
                "sha256:a23166e5ae2775709cf4f7ad4c2048755ebfb272767d244e1a96d55ac775cca7",
                "sha256:a289c27ccae399a70eacf32df9a44059ca2ba4ac444604b00a19a6c1f0809943",
                "sha256:a7594f9a010cdf1e16a58b3bf26c9da39bbf663e3b8d46d39176999d71816658",
                "sha256:b08d00d889a118f68f37f3c43e359aab24ee29eb2e3fe96d64c6a2ba8b9d6557",
                "sha256:cc9be041e428c10f8b6ab358c6b393648f9457094e1dcc11b4906026d43cd380",
                "sha256:d5682eeb10cca0606c4a8286a3391d4c3c5a36f0c448e71b8bd05be4e1694bfb",
                "sha256:fd3b8905e21431ad306eeaf56644a68fdd621bf8f3097eff54d0f6bdf7262065"
            ],
            "version": "==0.2.0"
        },
        "httpx": {
            "hashes": [
                "sha256:42974f577483e1e932c3cdc3cd2303e883cbfba17fe228b0f63589764d7b9c4b",
                "sha256:f28eac771ec9eb4866d3fb4ab65abd42d38c424739e80c08d8d20570de60b0ef"
            ],
            "index": "pypi",
            "version": "==0.23.0"
        },
        "idna": {
            "hashes": [
                "sha256:814f528e8dead7d329833b91c5faa87d60bf71824cd12a7530b5526063d02cb4",
                "sha256:90b77e79eaa3eba6de819a0c442c0b4ceefc341a7a2ab77d7562bf49f425c5c2"
            ],
            "markers": "python_version >= '3.5'",
            "version": "==3.4"
        },
        "pydantic": {
            "hashes": [
                "sha256:0fe8a415cea8f340e7a9af9c54fc71a649b43e8ca3cc732986116b3cb135d303",
                "sha256:1289c180abd4bd4555bb927c42ee42abc3aee02b0fb2d1223fb7c6e5bef87dbe",
                "sha256:1eb2085c13bce1612da8537b2d90f549c8cbb05c67e8f22854e201bde5d98a47",
                "sha256:2031de0967c279df0d8a1c72b4ffc411ecd06bac607a212892757db7462fc494",
                "sha256:2a7bac939fa326db1ab741c9d7f44c565a1d1e80908b3797f7f81a4f86bc8d33",
                "sha256:2d5a58feb9a39f481eda4d5ca220aa8b9d4f21a41274760b9bc66bfd72595b86",
                "sha256:2f9a6fab5f82ada41d56b0602606a5506aab165ca54e52bc4545028382ef1c5d",
                "sha256:2fcfb5296d7877af406ba1547dfde9943b1256d8928732267e2653c26938cd9c",
                "sha256:549a8e3d81df0a85226963611950b12d2d334f214436a19537b2efed61b7639a",
                "sha256:598da88dfa127b666852bef6d0d796573a8cf5009ffd62104094a4fe39599565",
                "sha256:5d1197e462e0364906cbc19681605cb7c036f2475c899b6f296104ad42b9f5fb",
                "sha256:69328e15cfda2c392da4e713443c7dbffa1505bc9d566e71e55abe14c97ddc62",
                "sha256:6a9dfa722316f4acf4460afdf5d41d5246a80e249c7ff475c43a3a1e9d75cf62",
                "sha256:6b30bcb8cbfccfcf02acb8f1a261143fab622831d9c0989707e0e659f77a18e0",
                "sha256:6c076be61cd0177a8433c0adcb03475baf4ee91edf5a4e550161ad57fc90f523",
                "sha256:771735dc43cf8383959dc9b90aa281f0b6092321ca98677c5fb6125a6f56d58d",
                "sha256:795e34e6cc065f8f498c89b894a3c6da294a936ee71e644e4bd44de048af1405",
                "sha256:87afda5539d5140cb8ba9e8b8c8865cb5b1463924d38490d73d3ccfd80896b3f",
                "sha256:8fb2aa3ab3728d950bcc885a2e9eff6c8fc40bc0b7bb434e555c215491bcf48b",
                "sha256:a1fcb59f2f355ec350073af41d927bf83a63b50e640f4dbaa01053a28b7a7718",
                "sha256:a5e7add47a5b5a40c49b3036d464e3c7802f8ae0d1e66035ea16aa5b7a3923ed",
                "sha256:a73f489aebd0c2121ed974054cb2759af8a9f747de120acd2c3394cf84176ccb",
                "sha256:ab26038b8375581dc832a63c948f261ae0aa21f1d34c1293469f135fa92972a5",
                "sha256:b0d191db0f92dfcb1dec210ca244fdae5cbe918c6050b342d619c09d31eea0cc",
                "sha256:b749a43aa51e32839c9d71dc67eb1e4221bb04af1033a32e3923d46f9effa942",
                "sha256:b7ccf02d7eb340b216ec33e53a3a629856afe1c6e0ef91d84a4e6f2fb2ca70fe",
                "sha256:ba5b2e6fe6ca2b7e013398bc7d7b170e21cce322d266ffcd57cca313e54fb246",
                "sha256:ba5c4a8552bff16c61882db58544116d021d0b31ee7c66958d14cf386a5b5350",
                "sha256:c79e6a11a07da7374f46970410b41d5e266f7f38f6a17a9c4823db80dadf4303",
                "sha256:ca48477862372ac3770969b9d75f1bf66131d386dba79506c46d75e6b48c1e09",
                "sha256:dea7adcc33d5d105896401a1f37d56b47d443a2b2605ff8a969a0ed5543f7e33",
                "sha256:e0a16d274b588767602b7646fa05af2782576a6cf1022f4ba74cbb4db66f6ca8",
                "sha256:e4129b528c6baa99a429f97ce733fff478ec955513630e61b49804b6cf9b224a",
                "sha256:e5f805d2d5d0a41633651a73fa4ecdd0b3d7a49de4ec3fadf062fe16501ddbf1",
                "sha256:ef6c96b2baa2100ec91a4b428f80d8f28a3c9e53568219b6c298c1125572ebc6",
                "sha256:fdbdd1d630195689f325c9ef1a12900524dceb503b00a987663ff4f58669b93d"
            ],
            "markers": "python_version >= '3.7'",
            "version": "==1.10.12"
        },
        "python-dotenv": {
            "hashes": [
                "sha256:a8df96034aae6d2d50a4ebe8216326c61c3eb64836776504fcca410e5937a3ba",
                "sha256:f5971a9226b701070a4bf2c38c89e5a3f0d64de8debda981d1db98583009122a"
            ],
            "version": "==1.0.0"
        },
        "pyyaml": {
            "hashes": [
                "sha256:062582fca9fabdd2c8b54a3ef1c978d786e0f6b3a1510e0ac93ef59e0ddae2bc",
                "sha256:1635fd110e8d85d55237ab316b5b011de701ea0f29d07611174a1b42f1444741",
                "sha256:184c5108a2aca3c5b3d3bf9395d50893a7ab82a38004c8f61c258d4428e80206",
                "sha256:18aeb1bf9a78867dc38b259769503436b7c72f7a1f1f4c93ff9a17de54319b27",
                "sha256:1d4c7e777c441b20e32f52bd377e0c409713e8bb1386e1099c2415f26e479595",
                "sha256:1e2722cc9fbb45d9b87631ac70924c11d3a401b2d7f410cc0e3bbf249f2dca62",
                "sha256:1fe35611261b29bd1de0070f0b2f47cb6ff71fa6595c077e42bd0c419fa27b98",
                "sha256:28c119d996beec18c05208a8bd78cbe4007878c6dd15091efb73a30e90539696",
                "sha256:42f8152b8dbc4fe7d96729ec2b99c7097d656dc1213a3229ca5383f973a5ed6d",
                "sha256:4fb147e7a67ef577a588a0e2c17b6db51dda102c71de36f8549b6816a96e1867",
                "sha256:50550eb667afee136e9a77d6dc71ae76a44df8b3e51e41b77f6de2932bfe0f47",
                "sha256:510c9deebc5c0225e8c96813043e62b680ba2f9c50a08d3724c7f28a747d1486",
                "sha256:5773183b6446b2c99bb77e77595dd486303b4faab2b086e7b17bc6bef28865f6",
                "sha256:596106435fa6ad000c2991a98fa58eeb8656ef2325d7e158344fb33864ed87e3",
                "sha256:6965a7bc3cf88e5a1c3bd2e0b5c22f8d677dc88a455344035f03399034eb3007",
                "sha256:69b023b2b4daa7548bcfbd4aa3da05b3a74b772db9e23b982788168117739938",
                "sha256:704219a11b772aea0d8ecd7058d0082713c3562b4e271b849ad7dc4a5c90c13c",
                "sha256:7e07cbde391ba96ab58e532ff4803f79c4129397514e1413a7dc761ccd755735",
                "sha256:81e0b275a9ecc9c0c0c07b4b90ba548307583c125f54d5b6946cfee6360c733d",
                "sha256:9046c58c4395dff28dd494285c82ba00b546adfc7ef001486fbf0324bc174fba",
                "sha256:9eb6caa9a297fc2c2fb8862bc5370d0303ddba53ba97e71f08023b6cd73d16a8",
                "sha256:a0cd17c15d3bb3fa06978b4e8958dcdc6e0174ccea823003a106c7d4d7899ac5",
                "sha256:afd7e57eddb1a54f0f1a974bc4391af8bcce0b444685d936840f125cf046d5bd",
                "sha256:b1275ad35a5d18c62a7220633c913e1b42d44b46ee12554e5fd39c70a243d6a3",
                "sha256:b786eecbdf8499b9ca1d697215862083bd6d2a99965554781d0d8d1ad31e13a0",
                "sha256:ba336e390cd8e4d1739f42dfe9bb83a3cc2e80f567d8805e11b46f4a943f5515",
                "sha256:baa90d3f661d43131ca170712d903e6295d1f7a0f595074f151c0aed377c9b9c",
                "sha256:bc1bf2925a1ecd43da378f4db9e4f799775d6367bdb94671027b73b393a7c42c",
                "sha256:bd4af7373a854424dabd882decdc5579653d7868b8fb26dc7d0e99f823aa5924",
                "sha256:bf07ee2fef7014951eeb99f56f39c9bb4af143d8aa3c21b1677805985307da34",
                "sha256:bfdf460b1736c775f2ba9f6a92bca30bc2095067b8a9d77876d1fad6cc3b4a43",
                "sha256:c8098ddcc2a85b61647b2590f825f3db38891662cfc2fc776415143f599bb859",
                "sha256:d2b04aac4d386b172d5b9692e2d2da8de7bfb6c387fa4f801fbf6fb2e6ba4673",
                "sha256:d858aa552c999bc8a8d57426ed01e40bef403cd8ccdd0fc5f6f04a00414cac2a",
                "sha256:f003ed9ad21d6a4713f0a9b5a7a0a79e08dd0f221aff4525a2be4c346ee60aab",
                "sha256:f22ac1c3cac4dbc50079e965eba2c1058622631e526bd9afd45fedd49ba781fa",
                "sha256:faca3bdcf85b2fc05d06ff3fbc1f83e1391b3e724afa3feba7d13eeab355484c",
                "sha256:fca0e3a251908a499833aa292323f32437106001d436eca0e6e7833256674585",
                "sha256:fd1592b3fdf65fff2ad0004b5e363300ef59ced41c2e6b3a99d4089fa8c5435d",
                "sha256:fd66fc5d0da6d9815ba2cebeb4205f95818ff4b79c3ebe268e75d961704af52f"
            ],
            "version": "==6.0.1"
        },
        "rfc3986": {
            "extras": [
                "idna2008"
            ],
            "hashes": [
                "sha256:270aaf10d87d0d4e095063c65bf3ddbc6ee3d0b226328ce21e036f946e421835",
                "sha256:a86d6e1f5b1dc238b218b012df0aa79409667bb209e58da56d0b94704e712a97"
            ],
            "version": "==1.5.0"
        },
        "sniffio": {
            "hashes": [
                "sha256:e60305c5e5d314f5389259b7f22aaa33d8f7dee49763119234af3755c55b9101",
                "sha256:eecefdce1e5bbfb7ad2eeaabf7c1eeb404d7757c379bd1f7e5cce9d8bf425384"
            ],
            "markers": "python_version >= '3.7'",
            "version": "==1.3.0"
        },
        "starlette": {
            "hashes": [
                "sha256:38eb24bf705a2c317e15868e384c1b8a12ca396e5a3c3a003db7e667c43f939f",
                "sha256:e1904b5d0007aee24bdd3c43994be9b3b729f4f58e740200de1d623f8c3a8870"
            ],
            "markers": "python_version >= '3.6'",
            "version": "==0.16.0"
        },
        "typing-extensions": {
            "hashes": [
                "sha256:440d5dd3af93b060174bf433bccd69b0babc3b15b1a8dca43789fd7f61514b36",
                "sha256:b75ddc264f0ba5615db7ba217daeb99701ad295353c45f9e95963337ceeeffb2"
            ],
            "markers": "python_version < '3.11'",
            "version": "==4.7.1"
        },
        "uvicorn": {
            "extras": [
                "standard"
            ],
            "hashes": [
                "sha256:17f898c64c71a2640514d4089da2689e5db1ce5d4086c2d53699bf99513421c1",
                "sha256:d9a3c0dd1ca86728d3e235182683b4cf94cd53a867c288eaeca80ee781b2caff"
            ],
            "index": "pypi",
            "version": "==0.15.0"
        },
        "uvloop": {
            "hashes": [
                "sha256:0949caf774b9fcefc7c5756bacbbbd3fc4c05a6b7eebc7c7ad6f825b23998d6d",
                "sha256:0ddf6baf9cf11a1a22c71487f39f15b2cf78eb5bde7e5b45fbb99e8a9d91b9e1",
                "sha256:1436c8673c1563422213ac6907789ecb2b070f5939b9cbff9ef7113f2b531595",
                "sha256:23609ca361a7fc587031429fa25ad2ed7242941adec948f9d10c045bfecab06b",
                "sha256:2a6149e1defac0faf505406259561bc14b034cdf1d4711a3ddcdfbaa8d825a05",
                "sha256:2deae0b0fb00a6af41fe60a675cec079615b01d68beb4cc7b722424406b126a8",
                "sha256:307958f9fc5c8bb01fad752d1345168c0abc5d62c1b72a4a8c6c06f042b45b20",
                "sha256:30babd84706115626ea78ea5dbc7dd8d0d01a2e9f9b306d24ca4ed5796c66ded",
                "sha256:3378eb62c63bf336ae2070599e49089005771cc651c8769aaad72d1bd9385a7c",
                "sha256:3d97672dc709fa4447ab83276f344a165075fd9f366a97b712bdd3fee05efae8",
                "sha256:3db8de10ed684995a7f34a001f15b374c230f7655ae840964d51496e2f8a8474",
                "sha256:3ebeeec6a6641d0adb2ea71dcfb76017602ee2bfd8213e3fcc18d8f699c5104f",
                "sha256:45cea33b208971e87a31c17622e4b440cac231766ec11e5d22c76fab3bf9df62",
                "sha256:6708f30db9117f115eadc4f125c2a10c1a50d711461699a0cbfaa45b9a78e376",
                "sha256:68532f4349fd3900b839f588972b3392ee56042e440dd5873dfbbcd2cc67617c",
                "sha256:6aafa5a78b9e62493539456f8b646f85abc7093dd997f4976bb105537cf2635e",
                "sha256:7d37dccc7ae63e61f7b96ee2e19c40f153ba6ce730d8ba4d3b4e9738c1dccc1b",
                "sha256:864e1197139d651a76c81757db5eb199db8866e13acb0dfe96e6fc5d1cf45fc4",
                "sha256:8887d675a64cfc59f4ecd34382e5b4f0ef4ae1da37ed665adba0c2badf0d6578",
                "sha256:8efcadc5a0003d3a6e887ccc1fb44dec25594f117a94e3127954c05cf144d811",
                "sha256:9b09e0f0ac29eee0451d71798878eae5a4e6a91aa275e114037b27f7db72702d",
                "sha256:a4aee22ece20958888eedbad20e4dbb03c37533e010fb824161b4f05e641f738",
                "sha256:a5abddb3558d3f0a78949c750644a67be31e47936042d4f6c888dd6f3c95f4aa",
                "sha256:c092a2c1e736086d59ac8e41f9c98f26bbf9b9222a76f21af9dfe949b99b2eb9",
                "sha256:c686a47d57ca910a2572fddfe9912819880b8765e2f01dc0dd12a9bf8573e539",
                "sha256:cbbe908fda687e39afd6ea2a2f14c2c3e43f2ca88e3a11964b297822358d0e6c",
                "sha256:ce9f61938d7155f79d3cb2ffa663147d4a76d16e08f65e2c66b77bd41b356718",
                "sha256:dbbaf9da2ee98ee2531e0c780455f2841e4675ff580ecf93fe5c48fe733b5667",
                "sha256:f1e507c9ee39c61bfddd79714e4f85900656db1aec4d40c6de55648e85c2799c",
                "sha256:ff3d00b70ce95adce264462c930fbaecb29718ba6563db354608f37e49e09024"
            ],
            "version": "==0.17.0"
        },
        "watchgod": {
            "hashes": [
                "sha256:2f3e8137d98f493ff58af54ea00f4d1433a6afe2ed08ab331a657df468c6bfce",
                "sha256:cb11ff66657befba94d828e3b622d5fb76f22fbda1376f355f3e6e51e97d9450"
            ],
            "version": "==0.8.2"
        },
        "websockets": {
            "hashes": [
                "sha256:01f5567d9cf6f502d655151645d4e8b72b453413d3819d2b6f1185abc23e82dd",
                "sha256:03aae4edc0b1c68498f41a6772d80ac7c1e33c06c6ffa2ac1c27a07653e79d6f",
                "sha256:0ac56b661e60edd453585f4bd68eb6a29ae25b5184fd5ba51e97652580458998",
                "sha256:0ee68fe502f9031f19d495dae2c268830df2760c0524cbac5d759921ba8c8e82",
                "sha256:1553cb82942b2a74dd9b15a018dce645d4e68674de2ca31ff13ebc2d9f283788",
                "sha256:1a073fc9ab1c8aff37c99f11f1641e16da517770e31a37265d2755282a5d28aa",
                "sha256:1d2256283fa4b7f4c7d7d3e84dc2ece74d341bce57d5b9bf385df109c2a1a82f",
                "sha256:1d5023a4b6a5b183dc838808087033ec5df77580485fc533e7dab2567851b0a4",
                "sha256:1fdf26fa8a6a592f8f9235285b8affa72748dc12e964a5518c6c5e8f916716f7",
                "sha256:2529338a6ff0eb0b50c7be33dc3d0e456381157a31eefc561771ee431134a97f",
                "sha256:279e5de4671e79a9ac877427f4ac4ce93751b8823f276b681d04b2156713b9dd",
                "sha256:2d903ad4419f5b472de90cd2d40384573b25da71e33519a67797de17ef849b69",
                "sha256:332d126167ddddec94597c2365537baf9ff62dfcc9db4266f263d455f2f031cb",
                "sha256:34fd59a4ac42dff6d4681d8843217137f6bc85ed29722f2f7222bd619d15e95b",
                "sha256:3580dd9c1ad0701169e4d6fc41e878ffe05e6bdcaf3c412f9d559389d0c9e016",
                "sha256:3ccc8a0c387629aec40f2fc9fdcb4b9d5431954f934da3eaf16cdc94f67dbfac",
                "sha256:41f696ba95cd92dc047e46b41b26dd24518384749ed0d99bea0a941ca87404c4",
                "sha256:42cc5452a54a8e46a032521d7365da775823e21bfba2895fb7b77633cce031bb",
                "sha256:4841ed00f1026dfbced6fca7d963c4e7043aa832648671b5138008dc5a8f6d99",
                "sha256:4b253869ea05a5a073ebfdcb5cb3b0266a57c3764cf6fe114e4cd90f4bfa5f5e",
                "sha256:54c6e5b3d3a8936a4ab6870d46bdd6ec500ad62bde9e44462c32d18f1e9a8e54",
                "sha256:619d9f06372b3a42bc29d0cd0354c9bb9fb39c2cbc1a9c5025b4538738dbffaf",
                "sha256:6505c1b31274723ccaf5f515c1824a4ad2f0d191cec942666b3d0f3aa4cb4007",
                "sha256:660e2d9068d2bedc0912af508f30bbeb505bbbf9774d98def45f68278cea20d3",
                "sha256:6681ba9e7f8f3b19440921e99efbb40fc89f26cd71bf539e45d8c8a25c976dc6",
                "sha256:68b977f21ce443d6d378dbd5ca38621755f2063d6fdb3335bda981d552cfff86",
                "sha256:69269f3a0b472e91125b503d3c0b3566bda26da0a3261c49f0027eb6075086d1",
                "sha256:6f1a3f10f836fab6ca6efa97bb952300b20ae56b409414ca85bff2ad241d2a61",
                "sha256:7622a89d696fc87af8e8d280d9b421db5133ef5b29d3f7a1ce9f1a7bf7fcfa11",
                "sha256:777354ee16f02f643a4c7f2b3eff8027a33c9861edc691a2003531f5da4f6bc8",
                "sha256:84d27a4832cc1a0ee07cdcf2b0629a8a72db73f4cf6de6f0904f6661227f256f",
                "sha256:8531fdcad636d82c517b26a448dcfe62f720e1922b33c81ce695d0edb91eb931",
                "sha256:86d2a77fd490ae3ff6fae1c6ceaecad063d3cc2320b44377efdde79880e11526",
                "sha256:88fc51d9a26b10fc331be344f1781224a375b78488fc343620184e95a4b27016",
                "sha256:8a34e13a62a59c871064dfd8ffb150867e54291e46d4a7cf11d02c94a5275bae",
                "sha256:8c82f11964f010053e13daafdc7154ce7385ecc538989a354ccc7067fd7028fd",
                "sha256:92b2065d642bf8c0a82d59e59053dd2fdde64d4ed44efe4870fa816c1232647b",
                "sha256:97b52894d948d2f6ea480171a27122d77af14ced35f62e5c892ca2fae9344311",
                "sha256:9d9acd80072abcc98bd2c86c3c9cd4ac2347b5a5a0cae7ed5c0ee5675f86d9af",
                "sha256:9f59a3c656fef341a99e3d63189852be7084c0e54b75734cde571182c087b152",
                "sha256:aa5003845cdd21ac0dc6c9bf661c5beddd01116f6eb9eb3c8e272353d45b3288",
                "sha256:b16fff62b45eccb9c7abb18e60e7e446998093cdcb50fed33134b9b6878836de",
                "sha256:b30c6590146e53149f04e85a6e4fcae068df4289e31e4aee1fdf56a0dead8f97",
                "sha256:b58cbf0697721120866820b89f93659abc31c1e876bf20d0b3d03cef14faf84d",
                "sha256:b67c6f5e5a401fc56394f191f00f9b3811fe843ee93f4a70df3c389d1adf857d",
                "sha256:bceab846bac555aff6427d060f2fcfff71042dba6f5fca7dc4f75cac815e57ca",
                "sha256:bee9fcb41db2a23bed96c6b6ead6489702c12334ea20a297aa095ce6d31370d0",
                "sha256:c114e8da9b475739dde229fd3bc6b05a6537a88a578358bc8eb29b4030fac9c9",
                "sha256:c1f0524f203e3bd35149f12157438f406eff2e4fb30f71221c8a5eceb3617b6b",
                "sha256:c792ea4eabc0159535608fc5658a74d1a81020eb35195dd63214dcf07556f67e",
                "sha256:c7f3cb904cce8e1be667c7e6fef4516b98d1a6a0635a58a57528d577ac18a128",
                "sha256:d67ac60a307f760c6e65dad586f556dde58e683fab03323221a4e530ead6f74d",
                "sha256:dcacf2c7a6c3a84e720d1bb2b543c675bf6c40e460300b628bab1b1efc7c034c",
                "sha256:de36fe9c02995c7e6ae6efe2e205816f5f00c22fd1fbf343d4d18c3d5ceac2f5",
                "sha256:def07915168ac8f7853812cc593c71185a16216e9e4fa886358a17ed0fd9fcf6",
                "sha256:df41b9bc27c2c25b486bae7cf42fccdc52ff181c8c387bfd026624a491c2671b",
                "sha256:e052b8467dd07d4943936009f46ae5ce7b908ddcac3fda581656b1b19c083d9b",
                "sha256:e063b1865974611313a3849d43f2c3f5368093691349cf3c7c8f8f75ad7cb280",
                "sha256:e1459677e5d12be8bbc7584c35b992eea142911a6236a3278b9b5ce3326f282c",
                "sha256:e1a99a7a71631f0efe727c10edfba09ea6bee4166a6f9c19aafb6c0b5917d09c",
                "sha256:e590228200fcfc7e9109509e4d9125eace2042fd52b595dd22bbc34bb282307f",
                "sha256:e6316827e3e79b7b8e7d8e3b08f4e331af91a48e794d5d8b099928b6f0b85f20",
                "sha256:e7837cb169eca3b3ae94cc5787c4fed99eef74c0ab9506756eea335e0d6f3ed8",
                "sha256:e848f46a58b9fcf3d06061d17be388caf70ea5b8cc3466251963c8345e13f7eb",
                "sha256:ed058398f55163a79bb9f06a90ef9ccc063b204bb346c4de78efc5d15abfe602",
                "sha256:f2e58f2c36cc52d41f2659e4c0cbf7353e28c8c9e63e30d8c6d3494dc9fdedcf",
                "sha256:f467ba0050b7de85016b43f5a22b46383ef004c4f672148a8abf32bc999a87f0",
                "sha256:f61bdb1df43dc9c131791fbc2355535f9024b9a04398d3bd0684fc16ab07df74",
                "sha256:fb06eea71a00a7af0ae6aefbb932fb8a7df3cb390cc217d51a9ad7343de1b8d0",
                "sha256:ffd7dcaf744f25f82190856bc26ed81721508fc5cbf2a330751e135ff1283564"
            ],
            "version": "==11.0.3"
        }
    },
    "develop": {}
}
